
Microsoft Visual Studio Solution File, Format Version 12.00
# Visual Studio Version 17
VisualStudioVersion = 17.2.32516.85
MinimumVisualStudioVersion = 10.0.40219.1
Project("{FAE04EC0-301F-11D3-BF4B-00C04F79EFBC}") = "commander", "commander\commander.csproj", "{2AF73FFE-D70F-4292-85A6-0CF1FA77CAD8}"
EndProject
Global
	GlobalSection(SolutionConfigurationPlatforms) = preSolution
		Debug|Any CPU = Debug|Any CPU
		Release|Any CPU = Release|Any CPU
	EndGlobalSection
	GlobalSection(ProjectConfigurationPlatforms) = postSolution
		{2AF73FFE-D70F-4292-85A6-0CF1FA77CAD8}.Debug|Any CPU.ActiveCfg = Debug|Any CPU
		{2AF73FFE-D70F-4292-85A6-0CF1FA77CAD8}.Debug|Any CPU.Build.0 = Debug|Any CPU
		{2AF73FFE-D70F-4292-85A6-0CF1FA77CAD8}.Release|Any CPU.ActiveCfg = Release|Any CPU
		{2AF73FFE-D70F-4292-85A6-0CF1FA77CAD8}.Release|Any CPU.Build.0 = Release|Any CPU
	EndGlobalSection
	GlobalSection(SolutionProperties) = preSolution
		HideSolutionNode = FALSE
	EndGlobalSection
	GlobalSection(ExtensibilityGlobals) = postSolution
		SolutionGuid = {79014E7F-5964-43DE-B444-75A4F97C9764}
	EndGlobalSection
EndGlobal
